
Microsoft Visual Studio Solution File, Format Version 12.00
# Visual Studio Version 16
VisualStudioVersion = 16.0.30320.27
MinimumVisualStudioVersion = 10.0.40219.1
Project("{FAE04EC0-301F-11D3-BF4B-00C04F79EFBC}") = "DemoPowerBI", "DemoPowerBI.csproj", "{E46A4C4D-B726-4B07-9A24-C309E8466B11}"
EndProject
Global
	GlobalSection(SolutionConfigurationPlatforms) = preSolution
		Debug|Any CPU = Debug|Any CPU
		Release|Any CPU = Release|Any CPU
	EndGlobalSection
	GlobalSection(ProjectConfigurationPlatforms) = postSolution
		{E46A4C4D-B726-4B07-9A24-C309E8466B11}.Debug|Any CPU.ActiveCfg = Debug|Any CPU
		{E46A4C4D-B726-4B07-9A24-C309E8466B11}.Debug|Any CPU.Build.0 = Debug|Any CPU
		{E46A4C4D-B726-4B07-9A24-C309E8466B11}.Release|Any CPU.ActiveCfg = Release|Any CPU
		{E46A4C4D-B726-4B07-9A24-C309E8466B11}.Release|Any CPU.Build.0 = Release|Any CPU
	EndGlobalSection
	GlobalSection(SolutionProperties) = preSolution
		HideSolutionNode = FALSE
	EndGlobalSection
	GlobalSection(ExtensibilityGlobals) = postSolution
		SolutionGuid = {4DCD96A5-088D-4A7D-9DBE-E6DE955F509E}
	EndGlobalSection
EndGlobal
